
Microsoft Visual Studio Solution File, Format Version 12.00
# Visual Studio 14
VisualStudioVersion = 14.0.25420.1
MinimumVisualStudioVersion = 10.0.40219.1
Project("{FAE04EC0-301F-11D3-BF4B-00C04F79EFBC}") = "TidalCSharp", "TidalCSharp\TidalCSharp.csproj", "{7A472536-DC9E-4A85-BFA7-D9BDAEB237B5}"
EndProject
Global
	GlobalSection(SolutionConfigurationPlatforms) = preSolution
		Debug|x64 = Debug|x64
		Debug|x86 = Debug|x86
		Release|x64 = Release|x64
		Release|x86 = Release|x86
	EndGlobalSection
	GlobalSection(ProjectConfigurationPlatforms) = postSolution
		{7A472536-DC9E-4A85-BFA7-D9BDAEB237B5}.Debug|x64.ActiveCfg = Debug|x64
		{7A472536-DC9E-4A85-BFA7-D9BDAEB237B5}.Debug|x64.Build.0 = Debug|x64
		{7A472536-DC9E-4A85-BFA7-D9BDAEB237B5}.Debug|x86.ActiveCfg = Debug|x86
		{7A472536-DC9E-4A85-BFA7-D9BDAEB237B5}.Debug|x86.Build.0 = Debug|x86
		{7A472536-DC9E-4A85-BFA7-D9BDAEB237B5}.Release|x64.ActiveCfg = Release|x64
		{7A472536-DC9E-4A85-BFA7-D9BDAEB237B5}.Release|x64.Build.0 = Release|x64
		{7A472536-DC9E-4A85-BFA7-D9BDAEB237B5}.Release|x86.ActiveCfg = Release|x86
		{7A472536-DC9E-4A85-BFA7-D9BDAEB237B5}.Release|x86.Build.0 = Release|x86
	EndGlobalSection
	GlobalSection(SolutionProperties) = preSolution
		HideSolutionNode = FALSE
	EndGlobalSection
	GlobalSection(MonoDevelopProperties) = preSolution
		Policies = $0
		$0.DotNetNamingPolicy = $1
		$1.DirectoryNamespaceAssociation = PrefixedHierarchical
		$0.VersionControlPolicy = $2
		$0.TextStylePolicy = $3
		$3.FileWidth = 80
		$3.scope = text/x-csharp
		$3.EolMarker = Unix
		$0.CSharpFormattingPolicy = $4
		$4.IndentSwitchSection = False
		$4.NewLinesForBracesInTypes = False
		$4.NewLinesForBracesInProperties = False
		$4.NewLinesForBracesInAccessors = False
		$4.NewLinesForBracesInAnonymousMethods = False
		$4.NewLinesForBracesInControlBlocks = False
		$4.NewLinesForBracesInAnonymousTypes = False
		$4.NewLinesForBracesInObjectCollectionArrayInitializers = False
		$4.NewLinesForBracesInLambdaExpressionBody = False
		$4.NewLineForElse = False
		$4.NewLineForCatch = False
		$4.NewLineForFinally = False
		$4.NewLineForMembersInObjectInit = False
		$4.NewLineForMembersInAnonymousTypes = False
		$4.NewLineForClausesInQuery = False
		$4.scope = text/x-csharp
		$4.NewLinesForBracesInMethods = False
		$4.SpaceBeforeColonInBaseTypeDeclaration = False
		outputpath = ~/projects/TidalCSharp/bin
		version = *
	EndGlobalSection
EndGlobal
